
Microsoft Visual Studio Solution File, Format Version 12.00
# Visual Studio 15
VisualStudioVersion = 15.0.26730.12
MinimumVisualStudioVersion = 10.0.40219.1
Project("{8BC9CEB8-8B4A-11D0-8D11-00A0C91BC942}") = "Swap Nodes in Pairs", "Swap Nodes in Pairs\Swap Nodes in Pairs.vcxproj", "{CCCF8781-1723-407E-874C-A159E13436E9}"
EndProject
Global
	GlobalSection(SolutionConfigurationPlatforms) = preSolution
		Debug|x64 = Debug|x64
		Debug|x86 = Debug|x86
		Release|x64 = Release|x64
		Release|x86 = Release|x86
	EndGlobalSection
	GlobalSection(ProjectConfigurationPlatforms) = postSolution
		{CCCF8781-1723-407E-874C-A159E13436E9}.Debug|x64.ActiveCfg = Debug|x64
		{CCCF8781-1723-407E-874C-A159E13436E9}.Debug|x64.Build.0 = Debug|x64
		{CCCF8781-1723-407E-874C-A159E13436E9}.Debug|x86.ActiveCfg = Debug|Win32
		{CCCF8781-1723-407E-874C-A159E13436E9}.Debug|x86.Build.0 = Debug|Win32
		{CCCF8781-1723-407E-874C-A159E13436E9}.Release|x64.ActiveCfg = Release|x64
		{CCCF8781-1723-407E-874C-A159E13436E9}.Release|x64.Build.0 = Release|x64
		{CCCF8781-1723-407E-874C-A159E13436E9}.Release|x86.ActiveCfg = Release|Win32
		{CCCF8781-1723-407E-874C-A159E13436E9}.Release|x86.Build.0 = Release|Win32
	EndGlobalSection
	GlobalSection(SolutionProperties) = preSolution
		HideSolutionNode = FALSE
	EndGlobalSection
	GlobalSection(ExtensibilityGlobals) = postSolution
		SolutionGuid = {769AB42E-53F2-4EF9-BE55-03074BCCBC19}
	EndGlobalSection
EndGlobal
