
Microsoft Visual Studio Solution File, Format Version 12.00
# Visual Studio 15
VisualStudioVersion = 15.0.27004.2005
MinimumVisualStudioVersion = 10.0.40219.1
Project("{8BC9CEB8-8B4A-11D0-8D11-00A0C91BC942}") = "House Robber III", "House Robber III\House Robber III.vcxproj", "{11E6850C-5CBF-4054-BA71-C4BE80CBBA48}"
EndProject
Global
	GlobalSection(SolutionConfigurationPlatforms) = preSolution
		Debug|x64 = Debug|x64
		Debug|x86 = Debug|x86
		Release|x64 = Release|x64
		Release|x86 = Release|x86
	EndGlobalSection
	GlobalSection(ProjectConfigurationPlatforms) = postSolution
		{11E6850C-5CBF-4054-BA71-C4BE80CBBA48}.Debug|x64.ActiveCfg = Debug|x64
		{11E6850C-5CBF-4054-BA71-C4BE80CBBA48}.Debug|x64.Build.0 = Debug|x64
		{11E6850C-5CBF-4054-BA71-C4BE80CBBA48}.Debug|x86.ActiveCfg = Debug|Win32
		{11E6850C-5CBF-4054-BA71-C4BE80CBBA48}.Debug|x86.Build.0 = Debug|Win32
		{11E6850C-5CBF-4054-BA71-C4BE80CBBA48}.Release|x64.ActiveCfg = Release|x64
		{11E6850C-5CBF-4054-BA71-C4BE80CBBA48}.Release|x64.Build.0 = Release|x64
		{11E6850C-5CBF-4054-BA71-C4BE80CBBA48}.Release|x86.ActiveCfg = Release|Win32
		{11E6850C-5CBF-4054-BA71-C4BE80CBBA48}.Release|x86.Build.0 = Release|Win32
	EndGlobalSection
	GlobalSection(SolutionProperties) = preSolution
		HideSolutionNode = FALSE
	EndGlobalSection
	GlobalSection(ExtensibilityGlobals) = postSolution
		SolutionGuid = {4F453788-B352-4B4C-8143-8F828893B2D9}
	EndGlobalSection
EndGlobal
