
Microsoft Visual Studio Solution File, Format Version 12.00
# Visual Studio 15
VisualStudioVersion = 15.0.26730.16
MinimumVisualStudioVersion = 10.0.40219.1
Project("{8BC9CEB8-8B4A-11D0-8D11-00A0C91BC942}") = "random_walk", "random_walk\random_walk.vcxproj", "{579BACEC-66B5-4BBD-B343-33C0788487BD}"
EndProject
Global
	GlobalSection(SolutionConfigurationPlatforms) = preSolution
		Debug|x64 = Debug|x64
		Debug|x86 = Debug|x86
		Release|x64 = Release|x64
		Release|x86 = Release|x86
	EndGlobalSection
	GlobalSection(ProjectConfigurationPlatforms) = postSolution
		{579BACEC-66B5-4BBD-B343-33C0788487BD}.Debug|x64.ActiveCfg = Debug|x64
		{579BACEC-66B5-4BBD-B343-33C0788487BD}.Debug|x64.Build.0 = Debug|x64
		{579BACEC-66B5-4BBD-B343-33C0788487BD}.Debug|x86.ActiveCfg = Debug|Win32
		{579BACEC-66B5-4BBD-B343-33C0788487BD}.Debug|x86.Build.0 = Debug|Win32
		{579BACEC-66B5-4BBD-B343-33C0788487BD}.Release|x64.ActiveCfg = Release|x64
		{579BACEC-66B5-4BBD-B343-33C0788487BD}.Release|x64.Build.0 = Release|x64
		{579BACEC-66B5-4BBD-B343-33C0788487BD}.Release|x86.ActiveCfg = Release|Win32
		{579BACEC-66B5-4BBD-B343-33C0788487BD}.Release|x86.Build.0 = Release|Win32
	EndGlobalSection
	GlobalSection(SolutionProperties) = preSolution
		HideSolutionNode = FALSE
	EndGlobalSection
	GlobalSection(ExtensibilityGlobals) = postSolution
		SolutionGuid = {03525483-C67A-40C5-A825-8A200DE2C47F}
	EndGlobalSection
EndGlobal
