
Microsoft Visual Studio Solution File, Format Version 12.00
# Visual Studio 15
VisualStudioVersion = 15.0.26730.16
MinimumVisualStudioVersion = 10.0.40219.1
Project("{8BC9CEB8-8B4A-11D0-8D11-00A0C91BC942}") = "Valid Sudoku", "Valid Sudoku\Valid Sudoku.vcxproj", "{698C40ED-0FF0-4AFA-ADA5-5D4476D0FC2E}"
EndProject
Global
	GlobalSection(SolutionConfigurationPlatforms) = preSolution
		Debug|x64 = Debug|x64
		Debug|x86 = Debug|x86
		Release|x64 = Release|x64
		Release|x86 = Release|x86
	EndGlobalSection
	GlobalSection(ProjectConfigurationPlatforms) = postSolution
		{698C40ED-0FF0-4AFA-ADA5-5D4476D0FC2E}.Debug|x64.ActiveCfg = Debug|x64
		{698C40ED-0FF0-4AFA-ADA5-5D4476D0FC2E}.Debug|x64.Build.0 = Debug|x64
		{698C40ED-0FF0-4AFA-ADA5-5D4476D0FC2E}.Debug|x86.ActiveCfg = Debug|Win32
		{698C40ED-0FF0-4AFA-ADA5-5D4476D0FC2E}.Debug|x86.Build.0 = Debug|Win32
		{698C40ED-0FF0-4AFA-ADA5-5D4476D0FC2E}.Release|x64.ActiveCfg = Release|x64
		{698C40ED-0FF0-4AFA-ADA5-5D4476D0FC2E}.Release|x64.Build.0 = Release|x64
		{698C40ED-0FF0-4AFA-ADA5-5D4476D0FC2E}.Release|x86.ActiveCfg = Release|Win32
		{698C40ED-0FF0-4AFA-ADA5-5D4476D0FC2E}.Release|x86.Build.0 = Release|Win32
	EndGlobalSection
	GlobalSection(SolutionProperties) = preSolution
		HideSolutionNode = FALSE
	EndGlobalSection
	GlobalSection(ExtensibilityGlobals) = postSolution
		SolutionGuid = {CC943C82-78BA-46B9-914F-DA9924DBE9D1}
	EndGlobalSection
EndGlobal
