
Microsoft Visual Studio Solution File, Format Version 12.00
# Visual Studio 15
VisualStudioVersion = 15.0.26730.16
MinimumVisualStudioVersion = 10.0.40219.1
Project("{8BC9CEB8-8B4A-11D0-8D11-00A0C91BC942}") = "Insert Delete GetRandom", "Insert Delete GetRandom\Insert Delete GetRandom.vcxproj", "{1C1D8E7B-AA13-4947-8D7D-021ED0976D12}"
EndProject
Global
	GlobalSection(SolutionConfigurationPlatforms) = preSolution
		Debug|x64 = Debug|x64
		Debug|x86 = Debug|x86
		Release|x64 = Release|x64
		Release|x86 = Release|x86
	EndGlobalSection
	GlobalSection(ProjectConfigurationPlatforms) = postSolution
		{1C1D8E7B-AA13-4947-8D7D-021ED0976D12}.Debug|x64.ActiveCfg = Debug|x64
		{1C1D8E7B-AA13-4947-8D7D-021ED0976D12}.Debug|x64.Build.0 = Debug|x64
		{1C1D8E7B-AA13-4947-8D7D-021ED0976D12}.Debug|x86.ActiveCfg = Debug|Win32
		{1C1D8E7B-AA13-4947-8D7D-021ED0976D12}.Debug|x86.Build.0 = Debug|Win32
		{1C1D8E7B-AA13-4947-8D7D-021ED0976D12}.Release|x64.ActiveCfg = Release|x64
		{1C1D8E7B-AA13-4947-8D7D-021ED0976D12}.Release|x64.Build.0 = Release|x64
		{1C1D8E7B-AA13-4947-8D7D-021ED0976D12}.Release|x86.ActiveCfg = Release|Win32
		{1C1D8E7B-AA13-4947-8D7D-021ED0976D12}.Release|x86.Build.0 = Release|Win32
	EndGlobalSection
	GlobalSection(SolutionProperties) = preSolution
		HideSolutionNode = FALSE
	EndGlobalSection
	GlobalSection(ExtensibilityGlobals) = postSolution
		SolutionGuid = {7D73562B-D57E-49B5-9642-EBDA9DEA8BDB}
	EndGlobalSection
EndGlobal
