
Microsoft Visual Studio Solution File, Format Version 12.00
# Visual Studio 15
VisualStudioVersion = 15.0.26730.12
MinimumVisualStudioVersion = 10.0.40219.1
Project("{8BC9CEB8-8B4A-11D0-8D11-00A0C91BC942}") = "Divide Two Integers", "Divide Two Integers\Divide Two Integers.vcxproj", "{7799799F-ABBB-433E-9FD7-386C7C75D560}"
EndProject
Global
	GlobalSection(SolutionConfigurationPlatforms) = preSolution
		Debug|x64 = Debug|x64
		Debug|x86 = Debug|x86
		Release|x64 = Release|x64
		Release|x86 = Release|x86
	EndGlobalSection
	GlobalSection(ProjectConfigurationPlatforms) = postSolution
		{7799799F-ABBB-433E-9FD7-386C7C75D560}.Debug|x64.ActiveCfg = Debug|x64
		{7799799F-ABBB-433E-9FD7-386C7C75D560}.Debug|x64.Build.0 = Debug|x64
		{7799799F-ABBB-433E-9FD7-386C7C75D560}.Debug|x86.ActiveCfg = Debug|Win32
		{7799799F-ABBB-433E-9FD7-386C7C75D560}.Debug|x86.Build.0 = Debug|Win32
		{7799799F-ABBB-433E-9FD7-386C7C75D560}.Release|x64.ActiveCfg = Release|x64
		{7799799F-ABBB-433E-9FD7-386C7C75D560}.Release|x64.Build.0 = Release|x64
		{7799799F-ABBB-433E-9FD7-386C7C75D560}.Release|x86.ActiveCfg = Release|Win32
		{7799799F-ABBB-433E-9FD7-386C7C75D560}.Release|x86.Build.0 = Release|Win32
	EndGlobalSection
	GlobalSection(SolutionProperties) = preSolution
		HideSolutionNode = FALSE
	EndGlobalSection
	GlobalSection(ExtensibilityGlobals) = postSolution
		SolutionGuid = {681595A7-8790-4C17-B78C-1029406992F4}
	EndGlobalSection
EndGlobal
